{
  "name": "salvor-polyglot-service-example",
  "lockfileVersion": 3,
  "requires": true,
  "packages": {
    "": {
      "name": "salvor-polyglot-service-example",
      "dependencies": {
        "@salvor-run/client": "^0.5.2"
      }
    },
    "node_modules/@salvor-run/client": {
      "version": "0.5.2",
      "resolved": "https://registry.npmjs.org/@salvor-run/client/-/client-0.5.2.tgz",
      "integrity": "sha512-8CkPBOKKaBK4XH/CPjugW+kMURC145qGw/1ERCSIb65Jw1RQM+SgzvOb23yt+JOtPok9uZ7AUUMlyDIwH45W4w==",
      "license": "(MIT OR Apache-2.0)",
      "engines": {
        "node": ">=18"
      }
    }
  }
}
